
Microsoft Visual Studio Solution File, Format Version 12.00
# Visual Studio Version 17
VisualStudioVersion = 17.7.34221.43
MinimumVisualStudioVersion = 10.0.40219.1
Project("{FAE04EC0-301F-11D3-BF4B-00C04F79EFBC}") = "Gala", "Gala\Gala.csproj", "{8000EDF1-5B2D-4ADF-A781-3F2A41D75AA1}"
EndProject
Project("{FAE04EC0-301F-11D3-BF4B-00C04F79EFBC}") = "GalaTests", "GalaTests\GalaTests.csproj", "{76081F2B-F98F-4241-96C1-771355B6C999}"
EndProject
Global
	GlobalSection(SolutionConfigurationPlatforms) = preSolution
		Debug|Any CPU = Debug|Any CPU
		Release|Any CPU = Release|Any CPU
	EndGlobalSection
	GlobalSection(ProjectConfigurationPlatforms) = postSolution
		{8000EDF1-5B2D-4ADF-A781-3F2A41D75AA1}.Debug|Any CPU.ActiveCfg = Debug|Any CPU
		{8000EDF1-5B2D-4ADF-A781-3F2A41D75AA1}.Debug|Any CPU.Build.0 = Debug|Any CPU
		{8000EDF1-5B2D-4ADF-A781-3F2A41D75AA1}.Release|Any CPU.ActiveCfg = Release|Any CPU
		{8000EDF1-5B2D-4ADF-A781-3F2A41D75AA1}.Release|Any CPU.Build.0 = Release|Any CPU
		{76081F2B-F98F-4241-96C1-771355B6C999}.Debug|Any CPU.ActiveCfg = Debug|Any CPU
		{76081F2B-F98F-4241-96C1-771355B6C999}.Debug|Any CPU.Build.0 = Debug|Any CPU
		{76081F2B-F98F-4241-96C1-771355B6C999}.Release|Any CPU.ActiveCfg = Release|Any CPU
		{76081F2B-F98F-4241-96C1-771355B6C999}.Release|Any CPU.Build.0 = Release|Any CPU
	EndGlobalSection
	GlobalSection(SolutionProperties) = preSolution
		HideSolutionNode = FALSE
	EndGlobalSection
	GlobalSection(ExtensibilityGlobals) = postSolution
		SolutionGuid = {06B16011-69CE-4178-B596-AE34AEB31C42}
	EndGlobalSection
EndGlobal
